
Microsoft Visual Studio Solution File, Format Version 12.00
# Visual Studio Version 16
VisualStudioVersion = 16.0.30011.22
MinimumVisualStudioVersion = 10.0.40219.1
Project("{9A19103F-16F7-4668-BE54-9A1E7A4F7556}") = "SvgGenerator", "SvgGenerator\SvgGenerator.csproj", "{0CE0A92B-258C-43FD-BF45-71EF008F6CBE}"
EndProject
Project("{9A19103F-16F7-4668-BE54-9A1E7A4F7556}") = "Test", "Test\Test.csproj", "{3872E3FF-CF69-46F7-A908-935398382709}"
EndProject
Global
	GlobalSection(SolutionConfigurationPlatforms) = preSolution
		Debug|Any CPU = Debug|Any CPU
		Release|Any CPU = Release|Any CPU
	EndGlobalSection
	GlobalSection(ProjectConfigurationPlatforms) = postSolution
		{0CE0A92B-258C-43FD-BF45-71EF008F6CBE}.Debug|Any CPU.ActiveCfg = Debug|Any CPU
		{0CE0A92B-258C-43FD-BF45-71EF008F6CBE}.Debug|Any CPU.Build.0 = Debug|Any CPU
		{0CE0A92B-258C-43FD-BF45-71EF008F6CBE}.Release|Any CPU.ActiveCfg = Release|Any CPU
		{0CE0A92B-258C-43FD-BF45-71EF008F6CBE}.Release|Any CPU.Build.0 = Release|Any CPU
		{3872E3FF-CF69-46F7-A908-935398382709}.Debug|Any CPU.ActiveCfg = Debug|Any CPU
		{3872E3FF-CF69-46F7-A908-935398382709}.Debug|Any CPU.Build.0 = Debug|Any CPU
		{3872E3FF-CF69-46F7-A908-935398382709}.Release|Any CPU.ActiveCfg = Release|Any CPU
		{3872E3FF-CF69-46F7-A908-935398382709}.Release|Any CPU.Build.0 = Release|Any CPU
	EndGlobalSection
	GlobalSection(SolutionProperties) = preSolution
		HideSolutionNode = FALSE
	EndGlobalSection
	GlobalSection(ExtensibilityGlobals) = postSolution
		SolutionGuid = {8AB95B84-BAAA-481B-832F-5929FA2B752F}
	EndGlobalSection
EndGlobal
