
Microsoft Visual Studio Solution File, Format Version 12.00
# Visual Studio Version 16
VisualStudioVersion = 16.0.30011.22
MinimumVisualStudioVersion = 10.0.40219.1
Project("{9A19103F-16F7-4668-BE54-9A1E7A4F7556}") = "Svg.Skia.SourceGenerator", "src\Svg.Skia.SourceGenerator\Svg.Skia.SourceGenerator.csproj", "{0CE0A92B-258C-43FD-BF45-71EF008F6CBE}"
EndProject
Project("{9A19103F-16F7-4668-BE54-9A1E7A4F7556}") = "Svg.Skia.SourceGenerator.Sample", "samples\Svg.Skia.SourceGenerator.Sample\Svg.Skia.SourceGenerator.Sample.csproj", "{3872E3FF-CF69-46F7-A908-935398382709}"
EndProject
Project("{9A19103F-16F7-4668-BE54-9A1E7A4F7556}") = "Svg.Skia.CodeGen", "src\Svg.Skia.CodeGen\Svg.Skia.CodeGen.csproj", "{DA562348-F0AF-4A32-BFDB-4A66404837BA}"
EndProject
Project("{2150E333-8FDC-42A3-9474-1A3956D46DE8}") = "src", "src", "{2ED0534C-24EA-4BB8-A49E-D9A0EE2A33D6}"
EndProject
Project("{2150E333-8FDC-42A3-9474-1A3956D46DE8}") = "samples", "samples", "{8A039BD7-4607-4BF2-92AD-0F5D279CEA39}"
EndProject
Project("{FAE04EC0-301F-11D3-BF4B-00C04F79EFBC}") = "svgc", "src\svgc\svgc.csproj", "{B4E41DF1-CCB0-4F8B-8B85-2BF968BBA2C8}"
EndProject
Global
	GlobalSection(SolutionConfigurationPlatforms) = preSolution
		Debug|Any CPU = Debug|Any CPU
		Release|Any CPU = Release|Any CPU
	EndGlobalSection
	GlobalSection(ProjectConfigurationPlatforms) = postSolution
		{0CE0A92B-258C-43FD-BF45-71EF008F6CBE}.Debug|Any CPU.ActiveCfg = Debug|Any CPU
		{0CE0A92B-258C-43FD-BF45-71EF008F6CBE}.Debug|Any CPU.Build.0 = Debug|Any CPU
		{0CE0A92B-258C-43FD-BF45-71EF008F6CBE}.Release|Any CPU.ActiveCfg = Release|Any CPU
		{0CE0A92B-258C-43FD-BF45-71EF008F6CBE}.Release|Any CPU.Build.0 = Release|Any CPU
		{3872E3FF-CF69-46F7-A908-935398382709}.Debug|Any CPU.ActiveCfg = Debug|Any CPU
		{3872E3FF-CF69-46F7-A908-935398382709}.Debug|Any CPU.Build.0 = Debug|Any CPU
		{3872E3FF-CF69-46F7-A908-935398382709}.Release|Any CPU.ActiveCfg = Release|Any CPU
		{3872E3FF-CF69-46F7-A908-935398382709}.Release|Any CPU.Build.0 = Release|Any CPU
		{DA562348-F0AF-4A32-BFDB-4A66404837BA}.Debug|Any CPU.ActiveCfg = Debug|Any CPU
		{DA562348-F0AF-4A32-BFDB-4A66404837BA}.Debug|Any CPU.Build.0 = Debug|Any CPU
		{DA562348-F0AF-4A32-BFDB-4A66404837BA}.Release|Any CPU.ActiveCfg = Release|Any CPU
		{DA562348-F0AF-4A32-BFDB-4A66404837BA}.Release|Any CPU.Build.0 = Release|Any CPU
		{B4E41DF1-CCB0-4F8B-8B85-2BF968BBA2C8}.Debug|Any CPU.ActiveCfg = Debug|Any CPU
		{B4E41DF1-CCB0-4F8B-8B85-2BF968BBA2C8}.Debug|Any CPU.Build.0 = Debug|Any CPU
		{B4E41DF1-CCB0-4F8B-8B85-2BF968BBA2C8}.Release|Any CPU.ActiveCfg = Release|Any CPU
		{B4E41DF1-CCB0-4F8B-8B85-2BF968BBA2C8}.Release|Any CPU.Build.0 = Release|Any CPU
	EndGlobalSection
	GlobalSection(SolutionProperties) = preSolution
		HideSolutionNode = FALSE
	EndGlobalSection
	GlobalSection(NestedProjects) = preSolution
		{0CE0A92B-258C-43FD-BF45-71EF008F6CBE} = {2ED0534C-24EA-4BB8-A49E-D9A0EE2A33D6}
		{3872E3FF-CF69-46F7-A908-935398382709} = {8A039BD7-4607-4BF2-92AD-0F5D279CEA39}
		{DA562348-F0AF-4A32-BFDB-4A66404837BA} = {2ED0534C-24EA-4BB8-A49E-D9A0EE2A33D6}
		{B4E41DF1-CCB0-4F8B-8B85-2BF968BBA2C8} = {2ED0534C-24EA-4BB8-A49E-D9A0EE2A33D6}
	EndGlobalSection
	GlobalSection(ExtensibilityGlobals) = postSolution
		SolutionGuid = {8AB95B84-BAAA-481B-832F-5929FA2B752F}
	EndGlobalSection
EndGlobal
